
Microsoft Visual Studio Solution File, Format Version 12.00
# Visual Studio Version 17
VisualStudioVersion = 17.10.34607.79
MinimumVisualStudioVersion = 10.0.40219.1
Project("{FAE04EC0-301F-11D3-BF4B-00C04F79EFBC}") = "ConcurrentCanvas", "ConcurrentCanvas\ConcurrentCanvas.csproj", "{1A8604AF-6BC6-4285-8DE0-5001B2EC19F9}"
EndProject
Project("{FAE04EC0-301F-11D3-BF4B-00C04F79EFBC}") = "ConcurrentCanvas.UnitTests", "ConcurrentCanvas.UnitTests\ConcurrentCanvas.UnitTests.csproj", "{D8021796-AB2B-484B-A98C-FB52A884745E}"
EndProject
Global
	GlobalSection(SolutionConfigurationPlatforms) = preSolution
		Debug|Any CPU = Debug|Any CPU
		Release|Any CPU = Release|Any CPU
	EndGlobalSection
	GlobalSection(ProjectConfigurationPlatforms) = postSolution
		{1A8604AF-6BC6-4285-8DE0-5001B2EC19F9}.Debug|Any CPU.ActiveCfg = Debug|Any CPU
		{1A8604AF-6BC6-4285-8DE0-5001B2EC19F9}.Debug|Any CPU.Build.0 = Debug|Any CPU
		{1A8604AF-6BC6-4285-8DE0-5001B2EC19F9}.Release|Any CPU.ActiveCfg = Release|Any CPU
		{1A8604AF-6BC6-4285-8DE0-5001B2EC19F9}.Release|Any CPU.Build.0 = Release|Any CPU
		{D8021796-AB2B-484B-A98C-FB52A884745E}.Debug|Any CPU.ActiveCfg = Debug|Any CPU
		{D8021796-AB2B-484B-A98C-FB52A884745E}.Debug|Any CPU.Build.0 = Debug|Any CPU
		{D8021796-AB2B-484B-A98C-FB52A884745E}.Release|Any CPU.ActiveCfg = Release|Any CPU
		{D8021796-AB2B-484B-A98C-FB52A884745E}.Release|Any CPU.Build.0 = Release|Any CPU
	EndGlobalSection
	GlobalSection(SolutionProperties) = preSolution
		HideSolutionNode = FALSE
	EndGlobalSection
	GlobalSection(ExtensibilityGlobals) = postSolution
		SolutionGuid = {E295357B-8C33-4C59-AE24-14DB64C4DFA1}
	EndGlobalSection
EndGlobal
